// !$*UTF8*$!
{
	archiveVersion = 1;
	classes = {
	};
	objectVersion = 56;
	objects = {

/* Begin PBXBuildFile section */
		5792305F2A4ABB74003A7F17 /* AppDelegate.swift in Sources */ = {isa = PBXBuildFile; fileRef = 5792305E2A4ABB74003A7F17 /* AppDelegate.swift */; };
		579230612A4ABB74003A7F17 /* SceneDelegate.swift in Sources */ = {isa = PBXBuildFile; fileRef = 579230602A4ABB74003A7F17 /* SceneDelegate.swift */; };
		579230632A4ABB74003A7F17 /* ViewController.swift in Sources */ = {isa = PBXBuildFile; fileRef = 579230622A4ABB74003A7F17 /* ViewController.swift */; };
		579230662A4ABB74003A7F17 /* Main.storyboard in Resources */ = {isa = PBXBuildFile; fileRef = 579230642A4ABB74003A7F17 /* Main.storyboard */; };
		579230682A4ABB75003A7F17 /* Assets.xcassets in Resources */ = {isa = PBXBuildFile; fileRef = 579230672A4ABB75003A7F17 /* Assets.xcassets */; };
		5792306B2A4ABB75003A7F17 /* LaunchScreen.storyboard in Resources */ = {isa = PBXBuildFile; fileRef = 579230692A4ABB75003A7F17 /* LaunchScreen.storyboard */; };
		579230792A4ABB91003A7F17 /* KeyboardViewController.swift in Sources */ = {isa = PBXBuildFile; fileRef = 579230782A4ABB91003A7F17 /* KeyboardViewController.swift */; };
		5792307D2A4ABB91003A7F17 /* ExtensionKeyBoard.appex in Embed Foundation Extensions */ = {isa = PBXBuildFile; fileRef = 579230762A4ABB90003A7F17 /* ExtensionKeyBoard.appex */; settings = {ATTRIBUTES = (RemoveHeadersOnCopy, ); }; };
		B24C301A2A53E1150087AE81 /* KeyboardConfig.swift in Sources */ = {isa = PBXBuildFile; fileRef = B24C30182A53DEB60087AE81 /* KeyboardConfig.swift */; };
		B2BE81652A52D2490089F518 /* NumericKeyBoardView.xib in Resources */ = {isa = PBXBuildFile; fileRef = 579230822A4ABBC3003A7F17 /* NumericKeyBoardView.xib */; };
/* End PBXBuildFile section */

/* Begin PBXContainerItemProxy section */
		5792307B2A4ABB91003A7F17 /* PBXContainerItemProxy */ = {
			isa = PBXContainerItemProxy;
			containerPortal = 579230532A4ABB73003A7F17 /* Project object */;
			proxyType = 1;
			remoteGlobalIDString = 579230752A4ABB90003A7F17;
			remoteInfo = ExtensionKeyBoard;
		};
/* End PBXContainerItemProxy section */

/* Begin PBXCopyFilesBuildPhase section */
		579230812A4ABB91003A7F17 /* Embed Foundation Extensions */ = {
			isa = PBXCopyFilesBuildPhase;
			buildActionMask = 2147483647;
			dstPath = "";
			dstSubfolderSpec = 13;
			files = (
				5792307D2A4ABB91003A7F17 /* ExtensionKeyBoard.appex in Embed Foundation Extensions */,
			);
			name = "Embed Foundation Extensions";
			runOnlyForDeploymentPostprocessing = 0;
		};
/* End PBXCopyFilesBuildPhase section */

/* Begin PBXFileReference section */
		5792305B2A4ABB74003A7F17 /* KeyBoardTask.app */ = {isa = PBXFileReference; explicitFileType = wrapper.application; includeInIndex = 0; path = KeyBoardTask.app; sourceTree = BUILT_PRODUCTS_DIR; };
		5792305E2A4ABB74003A7F17 /* AppDelegate.swift */ = {isa = PBXFileReference; lastKnownFileType = sourcecode.swift; path = AppDelegate.swift; sourceTree = "<group>"; };
		579230602A4ABB74003A7F17 /* SceneDelegate.swift */ = {isa = PBXFileReference; lastKnownFileType = sourcecode.swift; path = SceneDelegate.swift; sourceTree = "<group>"; };
		579230622A4ABB74003A7F17 /* ViewController.swift */ = {isa = PBXFileReference; lastKnownFileType = sourcecode.swift; path = ViewController.swift; sourceTree = "<group>"; };
		579230652A4ABB74003A7F17 /* Base */ = {isa = PBXFileReference; lastKnownFileType = file.storyboard; name = Base; path = Base.lproj/Main.storyboard; sourceTree = "<group>"; };
		579230672A4ABB75003A7F17 /* Assets.xcassets */ = {isa = PBXFileReference; lastKnownFileType = folder.assetcatalog; path = Assets.xcassets; sourceTree = "<group>"; };
		5792306A2A4ABB75003A7F17 /* Base */ = {isa = PBXFileReference; lastKnownFileType = file.storyboard; name = Base; path = Base.lproj/LaunchScreen.storyboard; sourceTree = "<group>"; };
		5792306C2A4ABB75003A7F17 /* Info.plist */ = {isa = PBXFileReference; lastKnownFileType = text.plist.xml; path = Info.plist; sourceTree = "<group>"; };
		579230762A4ABB90003A7F17 /* ExtensionKeyBoard.appex */ = {isa = PBXFileReference; explicitFileType = "wrapper.app-extension"; includeInIndex = 0; path = ExtensionKeyBoard.appex; sourceTree = BUILT_PRODUCTS_DIR; };
		579230782A4ABB91003A7F17 /* KeyboardViewController.swift */ = {isa = PBXFileReference; lastKnownFileType = sourcecode.swift; path = KeyboardViewController.swift; sourceTree = "<group>"; };
		5792307A2A4ABB91003A7F17 /* Info.plist */ = {isa = PBXFileReference; lastKnownFileType = text.plist.xml; path = Info.plist; sourceTree = "<group>"; };
		579230822A4ABBC3003A7F17 /* NumericKeyBoardView.xib */ = {isa = PBXFileReference; lastKnownFileType = file.xib; path = NumericKeyBoardView.xib; sourceTree = "<group>"; };
		B24C30182A53DEB60087AE81 /* KeyboardConfig.swift */ = {isa = PBXFileReference; lastKnownFileType = sourcecode.swift; path = KeyboardConfig.swift; sourceTree = "<group>"; };
/* End PBXFileReference section */

/* Begin PBXFrameworksBuildPhase section */
		579230582A4ABB74003A7F17 /* Frameworks */ = {
			isa = PBXFrameworksBuildPhase;
			buildActionMask = 2147483647;
			files = (
			);
			runOnlyForDeploymentPostprocessing = 0;
		};
		579230732A4ABB90003A7F17 /* Frameworks */ = {
			isa = PBXFrameworksBuildPhase;
			buildActionMask = 2147483647;
			files = (
			);
			runOnlyForDeploymentPostprocessing = 0;
		};
/* End PBXFrameworksBuildPhase section */

/* Begin PBXGroup section */
		579230522A4ABB73003A7F17 = {
			isa = PBXGroup;
			children = (
				5792305D2A4ABB74003A7F17 /* KeyBoardTask */,
				579230772A4ABB91003A7F17 /* ExtensionKeyBoard */,
				5792305C2A4ABB74003A7F17 /* Products */,
			);
			sourceTree = "<group>";
		};
		5792305C2A4ABB74003A7F17 /* Products */ = {
			isa = PBXGroup;
			children = (
				5792305B2A4ABB74003A7F17 /* KeyBoardTask.app */,
				579230762A4ABB90003A7F17 /* ExtensionKeyBoard.appex */,
			);
			name = Products;
			sourceTree = "<group>";
		};
		5792305D2A4ABB74003A7F17 /* KeyBoardTask */ = {
			isa = PBXGroup;
			children = (
				5792305E2A4ABB74003A7F17 /* AppDelegate.swift */,
				579230602A4ABB74003A7F17 /* SceneDelegate.swift */,
				579230622A4ABB74003A7F17 /* ViewController.swift */,
				579230642A4ABB74003A7F17 /* Main.storyboard */,
				579230672A4ABB75003A7F17 /* Assets.xcassets */,
				579230692A4ABB75003A7F17 /* LaunchScreen.storyboard */,
				5792306C2A4ABB75003A7F17 /* Info.plist */,
				579230822A4ABBC3003A7F17 /* NumericKeyBoardView.xib */,
			);
			path = KeyBoardTask;
			sourceTree = "<group>";
		};
		579230772A4ABB91003A7F17 /* ExtensionKeyBoard */ = {
			isa = PBXGroup;
			children = (
				579230782A4ABB91003A7F17 /* KeyboardViewController.swift */,
				B24C30182A53DEB60087AE81 /* KeyboardConfig.swift */,
				5792307A2A4ABB91003A7F17 /* Info.plist */,
			);
			path = ExtensionKeyBoard;
			sourceTree = "<group>";
		};
/* End PBXGroup section */

/* Begin PBXNativeTarget section */
		5792305A2A4ABB74003A7F17 /* KeyBoardTask */ = {
			isa = PBXNativeTarget;
			buildConfigurationList = 5792306F2A4ABB75003A7F17 /* Build configuration list for PBXNativeTarget "KeyBoardTask" */;
			buildPhases = (
				579230572A4ABB74003A7F17 /* Sources */,
				579230582A4ABB74003A7F17 /* Frameworks */,
				579230592A4ABB74003A7F17 /* Resources */,
				579230812A4ABB91003A7F17 /* Embed Foundation Extensions */,
			);
			buildRules = (
			);
			dependencies = (
				5792307C2A4ABB91003A7F17 /* PBXTargetDependency */,
			);
			name = KeyBoardTask;
			productName = KeyBoardTask;
			productReference = 5792305B2A4ABB74003A7F17 /* KeyBoardTask.app */;
			productType = "com.apple.product-type.application";
		};
		579230752A4ABB90003A7F17 /* ExtensionKeyBoard */ = {
			isa = PBXNativeTarget;
			buildConfigurationList = 5792307E2A4ABB91003A7F17 /* Build configuration list for PBXNativeTarget "ExtensionKeyBoard" */;
			buildPhases = (
				579230722A4ABB90003A7F17 /* Sources */,
				579230732A4ABB90003A7F17 /* Frameworks */,
				579230742A4ABB90003A7F17 /* Resources */,
			);
			buildRules = (
			);
			dependencies = (
			);
			name = ExtensionKeyBoard;
			productName = ExtensionKeyBoard;
			productReference = 579230762A4ABB90003A7F17 /* ExtensionKeyBoard.appex */;
			productType = "com.apple.product-type.app-extension";
		};
/* End PBXNativeTarget section */

/* Begin PBXProject section */
		579230532A4ABB73003A7F17 /* Project object */ = {
			isa = PBXProject;
			attributes = {
				BuildIndependentTargetsInParallel = 1;
				LastSwiftUpdateCheck = 1430;
				LastUpgradeCheck = 1430;
				TargetAttributes = {
					5792305A2A4ABB74003A7F17 = {
						CreatedOnToolsVersion = 14.3.1;
					};
					579230752A4ABB90003A7F17 = {
						CreatedOnToolsVersion = 14.3.1;
					};
				};
			};
			buildConfigurationList = 579230562A4ABB73003A7F17 /* Build configuration list for PBXProject "KeyBoardTask" */;
			compatibilityVersion = "Xcode 14.0";
			developmentRegion = en;
			hasScannedForEncodings = 0;
			knownRegions = (
				en,
				Base,
			);
			mainGroup = 579230522A4ABB73003A7F17;
			productRefGroup = 5792305C2A4ABB74003A7F17 /* Products */;
			projectDirPath = "";
			projectRoot = "";
			targets = (
				5792305A2A4ABB74003A7F17 /* KeyBoardTask */,
				579230752A4ABB90003A7F17 /* ExtensionKeyBoard */,
			);
		};
/* End PBXProject section */

/* Begin PBXResourcesBuildPhase section */
		579230592A4ABB74003A7F17 /* Resources */ = {
			isa = PBXResourcesBuildPhase;
			buildActionMask = 2147483647;
			files = (
				5792306B2A4ABB75003A7F17 /* LaunchScreen.storyboard in Resources */,
				579230682A4ABB75003A7F17 /* Assets.xcassets in Resources */,
				579230662A4ABB74003A7F17 /* Main.storyboard in Resources */,
			);
			runOnlyForDeploymentPostprocessing = 0;
		};
		579230742A4ABB90003A7F17 /* Resources */ = {
			isa = PBXResourcesBuildPhase;
			buildActionMask = 2147483647;
			files = (
				B2BE81652A52D2490089F518 /* NumericKeyBoardView.xib in Resources */,
			);
			runOnlyForDeploymentPostprocessing = 0;
		};
/* End PBXResourcesBuildPhase section */

/* Begin PBXSourcesBuildPhase section */
		579230572A4ABB74003A7F17 /* Sources */ = {
			isa = PBXSourcesBuildPhase;
			buildActionMask = 2147483647;
			files = (
				579230632A4ABB74003A7F17 /* ViewController.swift in Sources */,
				5792305F2A4ABB74003A7F17 /* AppDelegate.swift in Sources */,
				579230612A4ABB74003A7F17 /* SceneDelegate.swift in Sources */,
			);
			runOnlyForDeploymentPostprocessing = 0;
		};
		579230722A4ABB90003A7F17 /* Sources */ = {
			isa = PBXSourcesBuildPhase;
			buildActionMask = 2147483647;
			files = (
				B24C301A2A53E1150087AE81 /* KeyboardConfig.swift in Sources */,
				579230792A4ABB91003A7F17 /* KeyboardViewController.swift in Sources */,
			);
			runOnlyForDeploymentPostprocessing = 0;
		};
/* End PBXSourcesBuildPhase section */

/* Begin PBXTargetDependency section */
		5792307C2A4ABB91003A7F17 /* PBXTargetDependency */ = {
			isa = PBXTargetDependency;
			target = 579230752A4ABB90003A7F17 /* ExtensionKeyBoard */;
			targetProxy = 5792307B2A4ABB91003A7F17 /* PBXContainerItemProxy */;
		};
/* End PBXTargetDependency section */

/* Begin PBXVariantGroup section */
		579230642A4ABB74003A7F17 /* Main.storyboard */ = {
			isa = PBXVariantGroup;
			children = (
				579230652A4ABB74003A7F17 /* Base */,
			);
			name = Main.storyboard;
			sourceTree = "<group>";
		};
		579230692A4ABB75003A7F17 /* LaunchScreen.storyboard */ = {
			isa = PBXVariantGroup;
			children = (
				5792306A2A4ABB75003A7F17 /* Base */,
			);
			name = LaunchScreen.storyboard;
			sourceTree = "<group>";
		};
/* End PBXVariantGroup section */

/* Begin XCBuildConfiguration section */
		5792306D2A4ABB75003A7F17 /* Debug */ = {
			isa = XCBuildConfiguration;
			buildSettings = {
				ALWAYS_SEARCH_USER_PATHS = NO;
				CLANG_ANALYZER_NONNULL = YES;
				CLANG_ANALYZER_NUMBER_OBJECT_CONVERSION = YES_AGGRESSIVE;
				CLANG_CXX_LANGUAGE_STANDARD = "gnu++20";
				CLANG_ENABLE_MODULES = YES;
				CLANG_ENABLE_OBJC_ARC = YES;
				CLANG_ENABLE_OBJC_WEAK = YES;
				CLANG_WARN_BLOCK_CAPTURE_AUTORELEASING = YES;
				CLANG_WARN_BOOL_CONVERSION = YES;
				CLANG_WARN_COMMA = YES;
				CLANG_WARN_CONSTANT_CONVERSION = YES;
				CLANG_WARN_DEPRECATED_OBJC_IMPLEMENTATIONS = YES;
				CLANG_WARN_DIRECT_OBJC_ISA_USAGE = YES_ERROR;
				CLANG_WARN_DOCUMENTATION_COMMENTS = YES;
				CLANG_WARN_EMPTY_BODY = YES;
				CLANG_WARN_ENUM_CONVERSION = YES;
				CLANG_WARN_INFINITE_RECURSION = YES;
				CLANG_WARN_INT_CONVERSION = YES;
				CLANG_WARN_NON_LITERAL_NULL_CONVERSION = YES;
				CLANG_WARN_OBJC_IMPLICIT_RETAIN_SELF = YES;
				CLANG_WARN_OBJC_LITERAL_CONVERSION = YES;
				CLANG_WARN_OBJC_ROOT_CLASS = YES_ERROR;
				CLANG_WARN_QUOTED_INCLUDE_IN_FRAMEWORK_HEADER = YES;
				CLANG_WARN_RANGE_LOOP_ANALYSIS = YES;
				CLANG_WARN_STRICT_PROTOTYPES = YES;
				CLANG_WARN_SUSPICIOUS_MOVE = YES;
				CLANG_WARN_UNGUARDED_AVAILABILITY = YES_AGGRESSIVE;
				CLANG_WARN_UNREACHABLE_CODE = YES;
				CLANG_WARN__DUPLICATE_METHOD_MATCH = YES;
				COPY_PHASE_STRIP = NO;
				DEBUG_INFORMATION_FORMAT = dwarf;
				ENABLE_STRICT_OBJC_MSGSEND = YES;
				ENABLE_TESTABILITY = YES;
				GCC_C_LANGUAGE_STANDARD = gnu11;
				GCC_DYNAMIC_NO_PIC = NO;
				GCC_NO_COMMON_BLOCKS = YES;
				GCC_OPTIMIZATION_LEVEL = 0;
				GCC_PREPROCESSOR_DEFINITIONS = (
					"DEBUG=1",
					"$(inherited)",
				);
				GCC_WARN_64_TO_32_BIT_CONVERSION = YES;
				GCC_WARN_ABOUT_RETURN_TYPE = YES_ERROR;
				GCC_WARN_UNDECLARED_SELECTOR = YES;
				GCC_WARN_UNINITIALIZED_AUTOS = YES_AGGRESSIVE;
				GCC_WARN_UNUSED_FUNCTION = YES;
				GCC_WARN_UNUSED_VARIABLE = YES;
				IPHONEOS_DEPLOYMENT_TARGET = 16.4;
				MTL_ENABLE_DEBUG_INFO = INCLUDE_SOURCE;
				MTL_FAST_MATH = YES;
				ONLY_ACTIVE_ARCH = YES;
				SDKROOT = iphoneos;
				SWIFT_ACTIVE_COMPILATION_CONDITIONS = DEBUG;
				SWIFT_OPTIMIZATION_LEVEL = "-Onone";
			};
			name = Debug;
		};
		5792306E2A4ABB75003A7F17 /* Release */ = {
			isa = XCBuildConfiguration;
			buildSettings = {
				ALWAYS_SEARCH_USER_PATHS = NO;
				CLANG_ANALYZER_NONNULL = YES;
				CLANG_ANALYZER_NUMBER_OBJECT_CONVERSION = YES_AGGRESSIVE;
				CLANG_CXX_LANGUAGE_STANDARD = "gnu++20";
				CLANG_ENABLE_MODULES = YES;
				CLANG_ENABLE_OBJC_ARC = YES;
				CLANG_ENABLE_OBJC_WEAK = YES;
				CLANG_WARN_BLOCK_CAPTURE_AUTORELEASING = YES;
				CLANG_WARN_BOOL_CONVERSION = YES;
				CLANG_WARN_COMMA = YES;
				CLANG_WARN_CONSTANT_CONVERSION = YES;
				CLANG_WARN_DEPRECATED_OBJC_IMPLEMENTATIONS = YES;
				CLANG_WARN_DIRECT_OBJC_ISA_USAGE = YES_ERROR;
				CLANG_WARN_DOCUMENTATION_COMMENTS = YES;
				CLANG_WARN_EMPTY_BODY = YES;
				CLANG_WARN_ENUM_CONVERSION = YES;
				CLANG_WARN_INFINITE_RECURSION = YES;
				CLANG_WARN_INT_CONVERSION = YES;
				CLANG_WARN_NON_LITERAL_NULL_CONVERSION = YES;
				CLANG_WARN_OBJC_IMPLICIT_RETAIN_SELF = YES;
				CLANG_WARN_OBJC_LITERAL_CONVERSION = YES;
				CLANG_WARN_OBJC_ROOT_CLASS = YES_ERROR;
				CLANG_WARN_QUOTED_INCLUDE_IN_FRAMEWORK_HEADER = YES;
				CLANG_WARN_RANGE_LOOP_ANALYSIS = YES;
				CLANG_WARN_STRICT_PROTOTYPES = YES;
				CLANG_WARN_SUSPICIOUS_MOVE = YES;
				CLANG_WARN_UNGUARDED_AVAILABILITY = YES_AGGRESSIVE;
				CLANG_WARN_UNREACHABLE_CODE = YES;
				CLANG_WARN__DUPLICATE_METHOD_MATCH = YES;
				COPY_PHASE_STRIP = NO;
				DEBUG_INFORMATION_FORMAT = "dwarf-with-dsym";
				ENABLE_NS_ASSERTIONS = NO;
				ENABLE_STRICT_OBJC_MSGSEND = YES;
				GCC_C_LANGUAGE_STANDARD = gnu11;
				GCC_NO_COMMON_BLOCKS = YES;
				GCC_WARN_64_TO_32_BIT_CONVERSION = YES;
				GCC_WARN_ABOUT_RETURN_TYPE = YES_ERROR;
				GCC_WARN_UNDECLARED_SELECTOR = YES;
				GCC_WARN_UNINITIALIZED_AUTOS = YES_AGGRESSIVE;
				GCC_WARN_UNUSED_FUNCTION = YES;
				GCC_WARN_UNUSED_VARIABLE = YES;
				IPHONEOS_DEPLOYMENT_TARGET = 16.4;
				MTL_ENABLE_DEBUG_INFO = NO;
				MTL_FAST_MATH = YES;
				SDKROOT = iphoneos;
				SWIFT_COMPILATION_MODE = wholemodule;
				SWIFT_OPTIMIZATION_LEVEL = "-O";
				VALIDATE_PRODUCT = YES;
			};
			name = Release;
		};
		579230702A4ABB75003A7F17 /* Debug */ = {
			isa = XCBuildConfiguration;
			buildSettings = {
				ALWAYS_EMBED_SWIFT_STANDARD_LIBRARIES = YES;
				ASSETCATALOG_COMPILER_APPICON_NAME = AppIcon;
				ASSETCATALOG_COMPILER_GLOBAL_ACCENT_COLOR_NAME = AccentColor;
				CODE_SIGN_STYLE = Automatic;
				CURRENT_PROJECT_VERSION = 1;
				DEVELOPMENT_TEAM = 9N9QYXCY96;
				GENERATE_INFOPLIST_FILE = YES;
				INFOPLIST_FILE = KeyBoardTask/Info.plist;
				INFOPLIST_KEY_UIApplicationSupportsIndirectInputEvents = YES;
				INFOPLIST_KEY_UILaunchStoryboardName = LaunchScreen;
				INFOPLIST_KEY_UIMainStoryboardFile = Main;
				INFOPLIST_KEY_UISupportedInterfaceOrientations_iPad = "UIInterfaceOrientationPortrait UIInterfaceOrientationPortraitUpsideDown UIInterfaceOrientationLandscapeLeft UIInterfaceOrientationLandscapeRight";
				INFOPLIST_KEY_UISupportedInterfaceOrientations_iPhone = "UIInterfaceOrientationPortrait UIInterfaceOrientationLandscapeLeft UIInterfaceOrientationLandscapeRight";
				IPHONEOS_DEPLOYMENT_TARGET = 14.0;
				LD_RUNPATH_SEARCH_PATHS = (
					"$(inherited)",
					"@executable_path/Frameworks",
				);
				MARKETING_VERSION = 1.0;
				PRODUCT_BUNDLE_IDENTIFIER = com.msf.KeyBoardTask;
				PRODUCT_NAME = "$(TARGET_NAME)";
				SWIFT_EMIT_LOC_STRINGS = YES;
				SWIFT_VERSION = 5.0;
				TARGETED_DEVICE_FAMILY = "1,2";
			};
			name = Debug;
		};
		579230712A4ABB75003A7F17 /* Release */ = {
			isa = XCBuildConfiguration;
			buildSettings = {
				ALWAYS_EMBED_SWIFT_STANDARD_LIBRARIES = YES;
				ASSETCATALOG_COMPILER_APPICON_NAME = AppIcon;
				ASSETCATALOG_COMPILER_GLOBAL_ACCENT_COLOR_NAME = AccentColor;
				CODE_SIGN_STYLE = Automatic;
				CURRENT_PROJECT_VERSION = 1;
				DEVELOPMENT_TEAM = 9N9QYXCY96;
				GENERATE_INFOPLIST_FILE = YES;
				INFOPLIST_FILE = KeyBoardTask/Info.plist;
				INFOPLIST_KEY_UIApplicationSupportsIndirectInputEvents = YES;
				INFOPLIST_KEY_UILaunchStoryboardName = LaunchScreen;
				INFOPLIST_KEY_UIMainStoryboardFile = Main;
				INFOPLIST_KEY_UISupportedInterfaceOrientations_iPad = "UIInterfaceOrientationPortrait UIInterfaceOrientationPortraitUpsideDown UIInterfaceOrientationLandscapeLeft UIInterfaceOrientationLandscapeRight";
				INFOPLIST_KEY_UISupportedInterfaceOrientations_iPhone = "UIInterfaceOrientationPortrait UIInterfaceOrientationLandscapeLeft UIInterfaceOrientationLandscapeRight";
				IPHONEOS_DEPLOYMENT_TARGET = 14.0;
				LD_RUNPATH_SEARCH_PATHS = (
					"$(inherited)",
					"@executable_path/Frameworks",
				);
				MARKETING_VERSION = 1.0;
				PRODUCT_BUNDLE_IDENTIFIER = com.msf.KeyBoardTask;
				PRODUCT_NAME = "$(TARGET_NAME)";
				SWIFT_EMIT_LOC_STRINGS = YES;
				SWIFT_VERSION = 5.0;
				TARGETED_DEVICE_FAMILY = "1,2";
			};
			name = Release;
		};
		5792307F2A4ABB91003A7F17 /* Debug */ = {
			isa = XCBuildConfiguration;
			buildSettings = {
				CODE_SIGN_STYLE = Automatic;
				CURRENT_PROJECT_VERSION = 1;
				DEVELOPMENT_TEAM = 9N9QYXCY96;
				GENERATE_INFOPLIST_FILE = YES;
				INFOPLIST_FILE = ExtensionKeyBoard/Info.plist;
				INFOPLIST_KEY_CFBundleDisplayName = ExtensionKeyBoard;
				INFOPLIST_KEY_NSHumanReadableCopyright = "";
				LD_RUNPATH_SEARCH_PATHS = (
					"$(inherited)",
					"@executable_path/Frameworks",
					"@executable_path/../../Frameworks",
				);
				MARKETING_VERSION = 1.0;
				PRODUCT_BUNDLE_IDENTIFIER = com.msf.KeyBoardTask.ExtensionKeyBoard;
				PRODUCT_NAME = "$(TARGET_NAME)";
				SKIP_INSTALL = YES;
				SWIFT_EMIT_LOC_STRINGS = YES;
				SWIFT_VERSION = 5.0;
				TARGETED_DEVICE_FAMILY = "1,2";
			};
			name = Debug;
		};
		579230802A4ABB91003A7F17 /* Release */ = {
			isa = XCBuildConfiguration;
			buildSettings = {
				CODE_SIGN_STYLE = Automatic;
				CURRENT_PROJECT_VERSION = 1;
				DEVELOPMENT_TEAM = 9N9QYXCY96;
				GENERATE_INFOPLIST_FILE = YES;
				INFOPLIST_FILE = ExtensionKeyBoard/Info.plist;
				INFOPLIST_KEY_CFBundleDisplayName = ExtensionKeyBoard;
				INFOPLIST_KEY_NSHumanReadableCopyright = "";
				LD_RUNPATH_SEARCH_PATHS = (
					"$(inherited)",
					"@executable_path/Frameworks",
					"@executable_path/../../Frameworks",
				);
				MARKETING_VERSION = 1.0;
				PRODUCT_BUNDLE_IDENTIFIER = com.msf.KeyBoardTask.ExtensionKeyBoard;
				PRODUCT_NAME = "$(TARGET_NAME)";
				SKIP_INSTALL = YES;
				SWIFT_EMIT_LOC_STRINGS = YES;
				SWIFT_VERSION = 5.0;
				TARGETED_DEVICE_FAMILY = "1,2";
			};
			name = Release;
		};
/* End XCBuildConfiguration section */

/* Begin XCConfigurationList section */
		579230562A4ABB73003A7F17 /* Build configuration list for PBXProject "KeyBoardTask" */ = {
			isa = XCConfigurationList;
			buildConfigurations = (
				5792306D2A4ABB75003A7F17 /* Debug */,
				5792306E2A4ABB75003A7F17 /* Release */,
			);
			defaultConfigurationIsVisible = 0;
			defaultConfigurationName = Release;
		};
		5792306F2A4ABB75003A7F17 /* Build configuration list for PBXNativeTarget "KeyBoardTask" */ = {
			isa = XCConfigurationList;
			buildConfigurations = (
				579230702A4ABB75003A7F17 /* Debug */,
				579230712A4ABB75003A7F17 /* Release */,
			);
			defaultConfigurationIsVisible = 0;
			defaultConfigurationName = Release;
		};
		5792307E2A4ABB91003A7F17 /* Build configuration list for PBXNativeTarget "ExtensionKeyBoard" */ = {
			isa = XCConfigurationList;
			buildConfigurations = (
				5792307F2A4ABB91003A7F17 /* Debug */,
				579230802A4ABB91003A7F17 /* Release */,
			);
			defaultConfigurationIsVisible = 0;
			defaultConfigurationName = Release;
		};
/* End XCConfigurationList section */
	};
	rootObject = 579230532A4ABB73003A7F17 /* Project object */;
}
